// !$*UTF8*$!
{
	archiveVersion = 1;
	classes = {
	};
	objectVersion = 56;
	objects = {

/* Begin PBXBuildFile section */
		313008BE2BA78A4900F21BAF /* AppDelegate.swift in Sources */ = {isa = PBXBuildFile; fileRef = 313008BD2BA78A4900F21BAF /* AppDelegate.swift */; };
		313008C02BA78A4900F21BAF /* SceneDelegate.swift in Sources */ = {isa = PBXBuildFile; fileRef = 313008BF2BA78A4900F21BAF /* SceneDelegate.swift */; };
		313008C22BA78A4900F21BAF /* TabBarViewController.swift in Sources */ = {isa = PBXBuildFile; fileRef = 313008C12BA78A4900F21BAF /* TabBarViewController.swift */; };
		313008C72BA78A4B00F21BAF /* Assets.xcassets in Resources */ = {isa = PBXBuildFile; fileRef = 313008C62BA78A4B00F21BAF /* Assets.xcassets */; };
		313008CA2BA78A4B00F21BAF /* LaunchScreen.storyboard in Resources */ = {isa = PBXBuildFile; fileRef = 313008C82BA78A4B00F21BAF /* LaunchScreen.storyboard */; };

		31676CF22BB22BC2003CB38C /* BrowseViewController.swift in Sources */ = {isa = PBXBuildFile; fileRef = 31676CF12BB22BC2003CB38C /* BrowseViewController.swift */; };
		31676CF42BB22BEA003CB38C /* CategoriesViewController.swift in Sources */ = {isa = PBXBuildFile; fileRef = 31676CF32BB22BEA003CB38C /* CategoriesViewController.swift */; };
		31676CF62BB22C08003CB38C /* BookmarksViewController.swift in Sources */ = {isa = PBXBuildFile; fileRef = 31676CF52BB22C08003CB38C /* BookmarksViewController.swift */; };
		CB01B4B12BAA1BA500ADE6AD /* TermsViewController.swift in Sources */ = {isa = PBXBuildFile; fileRef = CB01B4B02BAA1BA500ADE6AD /* TermsViewController.swift */; };
		CBCA9FEA2BA87E480016C292 /* OnboardingViewController.swift in Sources */ = {isa = PBXBuildFile; fileRef = CBCA9FE92BA87E480016C292 /* OnboardingViewController.swift */; };
		CBCA9FEC2BA88F9F0016C292 /* OnboardingPageViewController.swift in Sources */ = {isa = PBXBuildFile; fileRef = CBCA9FEB2BA88F9F0016C292 /* OnboardingPageViewController.swift */; };
		CBCAF5282BAAFB960020153F /* ProfileViewController.swift in Sources */ = {isa = PBXBuildFile; fileRef = CBCAF5272BAAFB960020153F /* ProfileViewController.swift */; };
		CBCAF52F2BAAFF580020153F /* anim3.gif in Resources */ = {isa = PBXBuildFile; fileRef = CBCAF52B2BAAFF580020153F /* anim3.gif */; };
		CBCAF5302BAAFF580020153F /* anim1.gif in Resources */ = {isa = PBXBuildFile; fileRef = CBCAF52C2BAAFF580020153F /* anim1.gif */; };
		CBCAF5312BAAFF580020153F /* anim2.gif in Resources */ = {isa = PBXBuildFile; fileRef = CBCAF52D2BAAFF580020153F /* anim2.gif */; };
		CBCAF5322BAAFF580020153F /* anim4.gif in Resources */ = {isa = PBXBuildFile; fileRef = CBCAF52E2BAAFF580020153F /* anim4.gif */; };
		CBCAF5342BAB12B60020153F /* UserStorageManager.swift in Sources */ = {isa = PBXBuildFile; fileRef = CBCAF5332BAB12B60020153F /* UserStorageManager.swift */; };
		CBCAF5362BAB152E0020153F /* LoginViewController.swift in Sources */ = {isa = PBXBuildFile; fileRef = CBCAF5352BAB152E0020153F /* LoginViewController.swift */; };
		CBCAF5382BAB1C760020153F /* User.swift in Sources */ = {isa = PBXBuildFile; fileRef = CBCAF5372BAB1C760020153F /* User.swift */; };

/* End PBXBuildFile section */

/* Begin PBXFileReference section */
		313008BA2BA78A4900F21BAF /* TeamNewsApp.app */ = {isa = PBXFileReference; explicitFileType = wrapper.application; includeInIndex = 0; path = TeamNewsApp.app; sourceTree = BUILT_PRODUCTS_DIR; };
		313008BD2BA78A4900F21BAF /* AppDelegate.swift */ = {isa = PBXFileReference; lastKnownFileType = sourcecode.swift; path = AppDelegate.swift; sourceTree = "<group>"; };
		313008BF2BA78A4900F21BAF /* SceneDelegate.swift */ = {isa = PBXFileReference; lastKnownFileType = sourcecode.swift; path = SceneDelegate.swift; sourceTree = "<group>"; };
		313008C12BA78A4900F21BAF /* TabBarViewController.swift */ = {isa = PBXFileReference; lastKnownFileType = sourcecode.swift; path = TabBarViewController.swift; sourceTree = "<group>"; };
		313008C62BA78A4B00F21BAF /* Assets.xcassets */ = {isa = PBXFileReference; lastKnownFileType = folder.assetcatalog; path = Assets.xcassets; sourceTree = "<group>"; };
		313008C92BA78A4B00F21BAF /* Base */ = {isa = PBXFileReference; lastKnownFileType = file.storyboard; name = Base; path = Base.lproj/LaunchScreen.storyboard; sourceTree = "<group>"; };
		313008CB2BA78A4B00F21BAF /* Info.plist */ = {isa = PBXFileReference; lastKnownFileType = text.plist.xml; path = Info.plist; sourceTree = "<group>"; };

		31676CF12BB22BC2003CB38C /* BrowseViewController.swift */ = {isa = PBXFileReference; lastKnownFileType = sourcecode.swift; path = BrowseViewController.swift; sourceTree = "<group>"; };
		31676CF32BB22BEA003CB38C /* CategoriesViewController.swift */ = {isa = PBXFileReference; lastKnownFileType = sourcecode.swift; path = CategoriesViewController.swift; sourceTree = "<group>"; };
		31676CF52BB22C08003CB38C /* BookmarksViewController.swift */ = {isa = PBXFileReference; lastKnownFileType = sourcecode.swift; path = BookmarksViewController.swift; sourceTree = "<group>"; };
		CB01B4B02BAA1BA500ADE6AD /* TermsViewController.swift */ = {isa = PBXFileReference; lastKnownFileType = sourcecode.swift; path = TermsViewController.swift; sourceTree = "<group>"; };
		CBCA9FE92BA87E480016C292 /* OnboardingViewController.swift */ = {isa = PBXFileReference; lastKnownFileType = sourcecode.swift; path = OnboardingViewController.swift; sourceTree = "<group>"; };
		CBCA9FEB2BA88F9F0016C292 /* OnboardingPageViewController.swift */ = {isa = PBXFileReference; lastKnownFileType = sourcecode.swift; path = OnboardingPageViewController.swift; sourceTree = "<group>"; };
		CBCAF5272BAAFB960020153F /* ProfileViewController.swift */ = {isa = PBXFileReference; lastKnownFileType = sourcecode.swift; path = ProfileViewController.swift; sourceTree = "<group>"; };
		CBCAF52B2BAAFF580020153F /* anim3.gif */ = {isa = PBXFileReference; lastKnownFileType = image.gif; path = anim3.gif; sourceTree = "<group>"; };
		CBCAF52C2BAAFF580020153F /* anim1.gif */ = {isa = PBXFileReference; lastKnownFileType = image.gif; path = anim1.gif; sourceTree = "<group>"; };
		CBCAF52D2BAAFF580020153F /* anim2.gif */ = {isa = PBXFileReference; lastKnownFileType = image.gif; path = anim2.gif; sourceTree = "<group>"; };
		CBCAF52E2BAAFF580020153F /* anim4.gif */ = {isa = PBXFileReference; lastKnownFileType = image.gif; path = anim4.gif; sourceTree = "<group>"; };
		CBCAF5332BAB12B60020153F /* UserStorageManager.swift */ = {isa = PBXFileReference; lastKnownFileType = sourcecode.swift; path = UserStorageManager.swift; sourceTree = "<group>"; };
		CBCAF5352BAB152E0020153F /* LoginViewController.swift */ = {isa = PBXFileReference; lastKnownFileType = sourcecode.swift; path = LoginViewController.swift; sourceTree = "<group>"; };
		CBCAF5372BAB1C760020153F /* User.swift */ = {isa = PBXFileReference; lastKnownFileType = sourcecode.swift; path = User.swift; sourceTree = "<group>"; };

/* End PBXFileReference section */

/* Begin PBXFrameworksBuildPhase section */
		313008B72BA78A4900F21BAF /* Frameworks */ = {
			isa = PBXFrameworksBuildPhase;
			buildActionMask = 2147483647;
			files = (
			);
			runOnlyForDeploymentPostprocessing = 0;
		};
/* End PBXFrameworksBuildPhase section */

/* Begin PBXGroup section */
		313008B12BA78A4900F21BAF = {
			isa = PBXGroup;
			children = (
				313008BC2BA78A4900F21BAF /* TeamNewsApp */,
				313008BB2BA78A4900F21BAF /* Products */,
			);
			sourceTree = "<group>";
		};
		313008BB2BA78A4900F21BAF /* Products */ = {
			isa = PBXGroup;
			children = (
				313008BA2BA78A4900F21BAF /* TeamNewsApp.app */,
			);
			name = Products;
			sourceTree = "<group>";
		};
		313008BC2BA78A4900F21BAF /* TeamNewsApp */ = {
			isa = PBXGroup;
			children = (
				313008BD2BA78A4900F21BAF /* AppDelegate.swift */,
				313008BF2BA78A4900F21BAF /* SceneDelegate.swift */,

				CBCAF5392BAB1F480020153F /* Model */,
				CBCAF53A2BAB41990020153F /* Controllers */,

				313008C12BA78A4900F21BAF /* TabBarViewController.swift */,
				313008D12BA8D85A00F21BAF /* BrowseViewController.swift */,
				313008D32BA8D87C00F21BAF /* CategoriesViewController.swift */,
				313008D52BA8D8A100F21BAF /* BookmarksViewController.swift */,
				313008D72BA8D8BC00F21BAF /* ProfileViewController.swift */,

				313008C62BA78A4B00F21BAF /* Assets.xcassets */,
				313008C82BA78A4B00F21BAF /* LaunchScreen.storyboard */,
				313008CB2BA78A4B00F21BAF /* Info.plist */,
				CBCA9FEF2BAA09B20016C292 /* Onboarding resources */,
			);
			path = TeamNewsApp;
			sourceTree = "<group>";
		};
		CBCA9FEF2BAA09B20016C292 /* Onboarding resources */ = {
			isa = PBXGroup;
			children = (
				CBCAF52C2BAAFF580020153F /* anim1.gif */,
				CBCAF52D2BAAFF580020153F /* anim2.gif */,
				CBCAF52B2BAAFF580020153F /* anim3.gif */,
				CBCAF52E2BAAFF580020153F /* anim4.gif */,
			);
			path = "Onboarding resources";
			sourceTree = "<group>";
		};
		CBCAF5392BAB1F480020153F /* Model */ = {
			isa = PBXGroup;
			children = (
				CBCAF5372BAB1C760020153F /* User.swift */,
				CBCAF5332BAB12B60020153F /* UserStorageManager.swift */,
			);
			path = Model;
			sourceTree = "<group>";
		};
		CBCAF53A2BAB41990020153F /* Controllers */ = {
			isa = PBXGroup;
			children = (
				CBCA9FE92BA87E480016C292 /* OnboardingViewController.swift */,
				CBCA9FEB2BA88F9F0016C292 /* OnboardingPageViewController.swift */,
				313008C12BA78A4900F21BAF /* TabBarViewController.swift */,
				31676CF12BB22BC2003CB38C /* BrowseViewController.swift */,
				31676CF32BB22BEA003CB38C /* CategoriesViewController.swift */,
				31676CF52BB22C08003CB38C /* BookmarksViewController.swift */,
				CB01B4B02BAA1BA500ADE6AD /* TermsViewController.swift */,
				CBCAF5272BAAFB960020153F /* ProfileViewController.swift */,
				CBCAF5352BAB152E0020153F /* LoginViewController.swift */,
			);
			path = Controllers;
			sourceTree = "<group>";
		};
/* End PBXGroup section */

/* Begin PBXNativeTarget section */
		313008B92BA78A4900F21BAF /* TeamNewsApp */ = {
			isa = PBXNativeTarget;
			buildConfigurationList = 313008CE2BA78A4B00F21BAF /* Build configuration list for PBXNativeTarget "TeamNewsApp" */;
			buildPhases = (
				313008B62BA78A4900F21BAF /* Sources */,
				313008B72BA78A4900F21BAF /* Frameworks */,
				313008B82BA78A4900F21BAF /* Resources */,
			);
			buildRules = (
			);
			dependencies = (
			);
			name = TeamNewsApp;
			productName = TeamNewsApp;
			productReference = 313008BA2BA78A4900F21BAF /* TeamNewsApp.app */;
			productType = "com.apple.product-type.application";
		};
/* End PBXNativeTarget section */

/* Begin PBXProject section */
		313008B22BA78A4900F21BAF /* Project object */ = {
			isa = PBXProject;
			attributes = {
				BuildIndependentTargetsInParallel = 1;
				LastSwiftUpdateCheck = 1520;
				LastUpgradeCheck = 1520;
				TargetAttributes = {
					313008B92BA78A4900F21BAF = {
						CreatedOnToolsVersion = 15.2;
					};
				};
			};
			buildConfigurationList = 313008B52BA78A4900F21BAF /* Build configuration list for PBXProject "TeamNewsApp" */;
			compatibilityVersion = "Xcode 14.0";
			developmentRegion = en;
			hasScannedForEncodings = 0;
			knownRegions = (
				en,
				Base,
			);
			mainGroup = 313008B12BA78A4900F21BAF;
			productRefGroup = 313008BB2BA78A4900F21BAF /* Products */;
			projectDirPath = "";
			projectRoot = "";
			targets = (
				313008B92BA78A4900F21BAF /* TeamNewsApp */,
			);
		};
/* End PBXProject section */

/* Begin PBXResourcesBuildPhase section */
		313008B82BA78A4900F21BAF /* Resources */ = {
			isa = PBXResourcesBuildPhase;
			buildActionMask = 2147483647;
			files = (
				CBCAF5322BAAFF580020153F /* anim4.gif in Resources */,
				313008CA2BA78A4B00F21BAF /* LaunchScreen.storyboard in Resources */,
				CBCAF52F2BAAFF580020153F /* anim3.gif in Resources */,
				CBCAF5312BAAFF580020153F /* anim2.gif in Resources */,
				CBCAF5302BAAFF580020153F /* anim1.gif in Resources */,
				313008C72BA78A4B00F21BAF /* Assets.xcassets in Resources */,
			);
			runOnlyForDeploymentPostprocessing = 0;
		};
/* End PBXResourcesBuildPhase section */

/* Begin PBXSourcesBuildPhase section */
		313008B62BA78A4900F21BAF /* Sources */ = {
			isa = PBXSourcesBuildPhase;
			buildActionMask = 2147483647;
			files = (

				CBCAF5362BAB152E0020153F /* LoginViewController.swift in Sources */,
				313008C22BA78A4900F21BAF /* TabBarViewController.swift in Sources */,
				31676CF42BB22BEA003CB38C /* CategoriesViewController.swift in Sources */,
				313008BE2BA78A4900F21BAF /* AppDelegate.swift in Sources */,
				31676CF22BB22BC2003CB38C /* BrowseViewController.swift in Sources */,
				CBCA9FEC2BA88F9F0016C292 /* OnboardingPageViewController.swift in Sources */,
				31676CF62BB22C08003CB38C /* BookmarksViewController.swift in Sources */,
				313008C02BA78A4900F21BAF /* SceneDelegate.swift in Sources */,
				CBCAF5282BAAFB960020153F /* ProfileViewController.swift in Sources */,
				CBCA9FEA2BA87E480016C292 /* OnboardingViewController.swift in Sources */,
				CB01B4B12BAA1BA500ADE6AD /* TermsViewController.swift in Sources */,
				CBCAF5382BAB1C760020153F /* User.swift in Sources */,
				CBCAF5342BAB12B60020153F /* UserStorageManager.swift in Sources */,

			);
			runOnlyForDeploymentPostprocessing = 0;
		};
/* End PBXSourcesBuildPhase section */

/* Begin PBXVariantGroup section */
		313008C82BA78A4B00F21BAF /* LaunchScreen.storyboard */ = {
			isa = PBXVariantGroup;
			children = (
				313008C92BA78A4B00F21BAF /* Base */,
			);
			name = LaunchScreen.storyboard;
			sourceTree = "<group>";
		};
/* End PBXVariantGroup section */

/* Begin XCBuildConfiguration section */
		313008CC2BA78A4B00F21BAF /* Debug */ = {
			isa = XCBuildConfiguration;
			buildSettings = {
				ALWAYS_SEARCH_USER_PATHS = NO;
				ASSETCATALOG_COMPILER_GENERATE_SWIFT_ASSET_SYMBOL_EXTENSIONS = YES;
				CLANG_ANALYZER_NONNULL = YES;
				CLANG_ANALYZER_NUMBER_OBJECT_CONVERSION = YES_AGGRESSIVE;
				CLANG_CXX_LANGUAGE_STANDARD = "gnu++20";
				CLANG_ENABLE_MODULES = YES;
				CLANG_ENABLE_OBJC_ARC = YES;
				CLANG_ENABLE_OBJC_WEAK = YES;
				CLANG_WARN_BLOCK_CAPTURE_AUTORELEASING = YES;
				CLANG_WARN_BOOL_CONVERSION = YES;
				CLANG_WARN_COMMA = YES;
				CLANG_WARN_CONSTANT_CONVERSION = YES;
				CLANG_WARN_DEPRECATED_OBJC_IMPLEMENTATIONS = YES;
				CLANG_WARN_DIRECT_OBJC_ISA_USAGE = YES_ERROR;
				CLANG_WARN_DOCUMENTATION_COMMENTS = YES;
				CLANG_WARN_EMPTY_BODY = YES;
				CLANG_WARN_ENUM_CONVERSION = YES;
				CLANG_WARN_INFINITE_RECURSION = YES;
				CLANG_WARN_INT_CONVERSION = YES;
				CLANG_WARN_NON_LITERAL_NULL_CONVERSION = YES;
				CLANG_WARN_OBJC_IMPLICIT_RETAIN_SELF = YES;
				CLANG_WARN_OBJC_LITERAL_CONVERSION = YES;
				CLANG_WARN_OBJC_ROOT_CLASS = YES_ERROR;
				CLANG_WARN_QUOTED_INCLUDE_IN_FRAMEWORK_HEADER = YES;
				CLANG_WARN_RANGE_LOOP_ANALYSIS = YES;
				CLANG_WARN_STRICT_PROTOTYPES = YES;
				CLANG_WARN_SUSPICIOUS_MOVE = YES;
				CLANG_WARN_UNGUARDED_AVAILABILITY = YES_AGGRESSIVE;
				CLANG_WARN_UNREACHABLE_CODE = YES;
				CLANG_WARN__DUPLICATE_METHOD_MATCH = YES;
				COPY_PHASE_STRIP = NO;
				DEBUG_INFORMATION_FORMAT = dwarf;
				ENABLE_STRICT_OBJC_MSGSEND = YES;
				ENABLE_TESTABILITY = YES;
				ENABLE_USER_SCRIPT_SANDBOXING = YES;
				GCC_C_LANGUAGE_STANDARD = gnu17;
				GCC_DYNAMIC_NO_PIC = NO;
				GCC_NO_COMMON_BLOCKS = YES;
				GCC_OPTIMIZATION_LEVEL = 0;
				GCC_PREPROCESSOR_DEFINITIONS = (
					"DEBUG=1",
					"$(inherited)",
				);
				GCC_WARN_64_TO_32_BIT_CONVERSION = YES;
				GCC_WARN_ABOUT_RETURN_TYPE = YES_ERROR;
				GCC_WARN_UNDECLARED_SELECTOR = YES;
				GCC_WARN_UNINITIALIZED_AUTOS = YES_AGGRESSIVE;
				GCC_WARN_UNUSED_FUNCTION = YES;
				GCC_WARN_UNUSED_VARIABLE = YES;
				IPHONEOS_DEPLOYMENT_TARGET = 15.0;
				LOCALIZATION_PREFERS_STRING_CATALOGS = YES;
				MTL_ENABLE_DEBUG_INFO = INCLUDE_SOURCE;
				MTL_FAST_MATH = YES;
				ONLY_ACTIVE_ARCH = YES;
				SDKROOT = iphoneos;
				SWIFT_ACTIVE_COMPILATION_CONDITIONS = "DEBUG $(inherited)";
				SWIFT_OPTIMIZATION_LEVEL = "-Onone";
			};
			name = Debug;
		};
		313008CD2BA78A4B00F21BAF /* Release */ = {
			isa = XCBuildConfiguration;
			buildSettings = {
				ALWAYS_SEARCH_USER_PATHS = NO;
				ASSETCATALOG_COMPILER_GENERATE_SWIFT_ASSET_SYMBOL_EXTENSIONS = YES;
				CLANG_ANALYZER_NONNULL = YES;
				CLANG_ANALYZER_NUMBER_OBJECT_CONVERSION = YES_AGGRESSIVE;
				CLANG_CXX_LANGUAGE_STANDARD = "gnu++20";
				CLANG_ENABLE_MODULES = YES;
				CLANG_ENABLE_OBJC_ARC = YES;
				CLANG_ENABLE_OBJC_WEAK = YES;
				CLANG_WARN_BLOCK_CAPTURE_AUTORELEASING = YES;
				CLANG_WARN_BOOL_CONVERSION = YES;
				CLANG_WARN_COMMA = YES;
				CLANG_WARN_CONSTANT_CONVERSION = YES;
				CLANG_WARN_DEPRECATED_OBJC_IMPLEMENTATIONS = YES;
				CLANG_WARN_DIRECT_OBJC_ISA_USAGE = YES_ERROR;
				CLANG_WARN_DOCUMENTATION_COMMENTS = YES;
				CLANG_WARN_EMPTY_BODY = YES;
				CLANG_WARN_ENUM_CONVERSION = YES;
				CLANG_WARN_INFINITE_RECURSION = YES;
				CLANG_WARN_INT_CONVERSION = YES;
				CLANG_WARN_NON_LITERAL_NULL_CONVERSION = YES;
				CLANG_WARN_OBJC_IMPLICIT_RETAIN_SELF = YES;
				CLANG_WARN_OBJC_LITERAL_CONVERSION = YES;
				CLANG_WARN_OBJC_ROOT_CLASS = YES_ERROR;
				CLANG_WARN_QUOTED_INCLUDE_IN_FRAMEWORK_HEADER = YES;
				CLANG_WARN_RANGE_LOOP_ANALYSIS = YES;
				CLANG_WARN_STRICT_PROTOTYPES = YES;
				CLANG_WARN_SUSPICIOUS_MOVE = YES;
				CLANG_WARN_UNGUARDED_AVAILABILITY = YES_AGGRESSIVE;
				CLANG_WARN_UNREACHABLE_CODE = YES;
				CLANG_WARN__DUPLICATE_METHOD_MATCH = YES;
				COPY_PHASE_STRIP = NO;
				DEBUG_INFORMATION_FORMAT = "dwarf-with-dsym";
				ENABLE_NS_ASSERTIONS = NO;
				ENABLE_STRICT_OBJC_MSGSEND = YES;
				ENABLE_USER_SCRIPT_SANDBOXING = YES;
				GCC_C_LANGUAGE_STANDARD = gnu17;
				GCC_NO_COMMON_BLOCKS = YES;
				GCC_WARN_64_TO_32_BIT_CONVERSION = YES;
				GCC_WARN_ABOUT_RETURN_TYPE = YES_ERROR;
				GCC_WARN_UNDECLARED_SELECTOR = YES;
				GCC_WARN_UNINITIALIZED_AUTOS = YES_AGGRESSIVE;
				GCC_WARN_UNUSED_FUNCTION = YES;
				GCC_WARN_UNUSED_VARIABLE = YES;
				IPHONEOS_DEPLOYMENT_TARGET = 15.0;
				LOCALIZATION_PREFERS_STRING_CATALOGS = YES;
				MTL_ENABLE_DEBUG_INFO = NO;
				MTL_FAST_MATH = YES;
				SDKROOT = iphoneos;
				SWIFT_COMPILATION_MODE = wholemodule;
				VALIDATE_PRODUCT = YES;
			};
			name = Release;
		};
		313008CF2BA78A4B00F21BAF /* Debug */ = {
			isa = XCBuildConfiguration;
			buildSettings = {
				ASSETCATALOG_COMPILER_APPICON_NAME = AppIcon;
				ASSETCATALOG_COMPILER_GLOBAL_ACCENT_COLOR_NAME = AccentColor;
				CODE_SIGN_STYLE = Automatic;
				CURRENT_PROJECT_VERSION = 1;
				DEVELOPMENT_TEAM = Y5B46GH7KM;
				GENERATE_INFOPLIST_FILE = YES;
				INFOPLIST_FILE = TeamNewsApp/Info.plist;
				INFOPLIST_KEY_UIApplicationSupportsIndirectInputEvents = YES;
				INFOPLIST_KEY_UILaunchStoryboardName = LaunchScreen;
				INFOPLIST_KEY_UISupportedInterfaceOrientations = UIInterfaceOrientationPortrait;
				INFOPLIST_KEY_UISupportedInterfaceOrientations_iPad = "UIInterfaceOrientationLandscapeLeft UIInterfaceOrientationLandscapeRight UIInterfaceOrientationPortrait UIInterfaceOrientationPortraitUpsideDown";
				IPHONEOS_DEPLOYMENT_TARGET = 15.0;
				LD_RUNPATH_SEARCH_PATHS = (
					"$(inherited)",
					"@executable_path/Frameworks",
				);
				MARKETING_VERSION = 1.0;
				PRODUCT_BUNDLE_IDENTIFIER = ridebyhorse.TeamNewsApp;
				PRODUCT_NAME = "$(TARGET_NAME)";
				SUPPORTED_PLATFORMS = "iphoneos iphonesimulator";
				SUPPORTS_MACCATALYST = NO;
				SUPPORTS_MAC_DESIGNED_FOR_IPHONE_IPAD = NO;
				SUPPORTS_XR_DESIGNED_FOR_IPHONE_IPAD = NO;
				SWIFT_EMIT_LOC_STRINGS = YES;
				SWIFT_VERSION = 5.0;
				TARGETED_DEVICE_FAMILY = 1;
			};
			name = Debug;
		};
		313008D02BA78A4B00F21BAF /* Release */ = {
			isa = XCBuildConfiguration;
			buildSettings = {
				ASSETCATALOG_COMPILER_APPICON_NAME = AppIcon;
				ASSETCATALOG_COMPILER_GLOBAL_ACCENT_COLOR_NAME = AccentColor;
				CODE_SIGN_STYLE = Automatic;
				CURRENT_PROJECT_VERSION = 1;
				DEVELOPMENT_TEAM = Y5B46GH7KM;
				GENERATE_INFOPLIST_FILE = YES;
				INFOPLIST_FILE = TeamNewsApp/Info.plist;
				INFOPLIST_KEY_UIApplicationSupportsIndirectInputEvents = YES;
				INFOPLIST_KEY_UILaunchStoryboardName = LaunchScreen;
				INFOPLIST_KEY_UISupportedInterfaceOrientations = UIInterfaceOrientationPortrait;
				INFOPLIST_KEY_UISupportedInterfaceOrientations_iPad = "UIInterfaceOrientationLandscapeLeft UIInterfaceOrientationLandscapeRight UIInterfaceOrientationPortrait UIInterfaceOrientationPortraitUpsideDown";
				IPHONEOS_DEPLOYMENT_TARGET = 15.0;
				LD_RUNPATH_SEARCH_PATHS = (
					"$(inherited)",
					"@executable_path/Frameworks",
				);
				MARKETING_VERSION = 1.0;
				PRODUCT_BUNDLE_IDENTIFIER = ridebyhorse.TeamNewsApp;
				PRODUCT_NAME = "$(TARGET_NAME)";
				SUPPORTED_PLATFORMS = "iphoneos iphonesimulator";
				SUPPORTS_MACCATALYST = NO;
				SUPPORTS_MAC_DESIGNED_FOR_IPHONE_IPAD = NO;
				SUPPORTS_XR_DESIGNED_FOR_IPHONE_IPAD = NO;
				SWIFT_EMIT_LOC_STRINGS = YES;
				SWIFT_VERSION = 5.0;
				TARGETED_DEVICE_FAMILY = 1;
			};
			name = Release;
		};
/* End XCBuildConfiguration section */

/* Begin XCConfigurationList section */
		313008B52BA78A4900F21BAF /* Build configuration list for PBXProject "TeamNewsApp" */ = {
			isa = XCConfigurationList;
			buildConfigurations = (
				313008CC2BA78A4B00F21BAF /* Debug */,
				313008CD2BA78A4B00F21BAF /* Release */,
			);
			defaultConfigurationIsVisible = 0;
			defaultConfigurationName = Release;
		};
		313008CE2BA78A4B00F21BAF /* Build configuration list for PBXNativeTarget "TeamNewsApp" */ = {
			isa = XCConfigurationList;
			buildConfigurations = (
				313008CF2BA78A4B00F21BAF /* Debug */,
				313008D02BA78A4B00F21BAF /* Release */,
			);
			defaultConfigurationIsVisible = 0;
			defaultConfigurationName = Release;
		};
/* End XCConfigurationList section */
	};
	rootObject = 313008B22BA78A4900F21BAF /* Project object */;
}
